{
  "name": "nd.apps",
  "lockfileVersion": 3,
  "requires": true,
  "packages": {
    "": {
      "dependencies": {
        "@endikau/nd_assets": "^0.0.2-build.14.0"
      }
    },
    "node_modules/@endikau/nd_assets": {
      "version": "0.0.2-build.16.0",
      "resolved": "https://npm.pkg.github.com/download/@endikau/nd_assets/0.0.2-build.16.0/48c7a54d2b6b2d82101cc06cfcf6c74735e08ede",
      "integrity": "sha512-ooHu/7vhGKzwLGz57FQzMTWVOJ/aSkwFHYERgpqYKvDfeXV01jrRoIdulJ17kYyx2wTSkkGiHBd63QosPD+9mQ==",
      "license": "UNLICENSED"
    }
  }
}
