{
  "name": "nd.apps",
  "lockfileVersion": 3,
  "requires": true,
  "packages": {
    "": {
      "dependencies": {
        "@endikau/nd_assets": "^0.0.2-build.14.0"
      }
    },
    "node_modules/@endikau/nd_assets": {
      "version": "0.0.2-build.28.0",
      "resolved": "https://npm.pkg.github.com/download/@endikau/nd_assets/0.0.2-build.28.0/91ea6e6909b948fc67ba552ae48ea776621bc24e",
      "integrity": "sha512-95eSQDs4tiNDr7J0VYHh4enIJojBX2XXj1/ax+PvmwUHkyjAPZQp1NP8JdlWDC0TU90wFPR1uwmVF9qBJPN4Sg==",
      "license": "UNLICENSED"
    }
  }
}
